PODS:
  - DailymotionPlayerSDK (3.8.0)

DEPENDENCIES:
  - DailymotionPlayerSDK (from `../`)

EXTERNAL SOURCES:
  DailymotionPlayerSDK:
    :path: "../"

SPEC CHECKSUMS:
  DailymotionPlayerSDK: 75f5d8d20f646fab64ecaf92a73ff62983f0efc3

PODFILE CHECKSUM: 460c730fcdce9c8f80db5f7cf7feda6e81497947

COCOAPODS: 1.10.1
