PODS:
  - DailymotionPlayerSDK (4.0.0)

DEPENDENCIES:
  - DailymotionPlayerSDK (from `../`)

EXTERNAL SOURCES:
  DailymotionPlayerSDK:
    :path: "../"

SPEC CHECKSUMS:
  DailymotionPlayerSDK: 80766a9d1c02880ff0a194314f1b4199ba860ff2

PODFILE CHECKSUM: 460c730fcdce9c8f80db5f7cf7feda6e81497947

COCOAPODS: 1.10.1
